// !$*UTF8*$!
{
	archiveVersion = 1;
	classes = {
	};
	objectVersion = 56;
	objects = {

/* Begin PBXBuildFile section */
		FE02C9F92B13A60100048BD0 /* UpdateExpenseSheet.swift in Sources */ = {isa = PBXBuildFile; fileRef = FE02C9F82B13A60100048BD0 /* UpdateExpenseSheet.swift */; };
		FE5925172B0CF6630067C158 /* SwiftDataProjectApp.swift in Sources */ = {isa = PBXBuildFile; fileRef = FE5925162B0CF6630067C158 /* SwiftDataProjectApp.swift */; };
		FE5925192B0CF6630067C158 /* ContentView.swift in Sources */ = {isa = PBXBuildFile; fileRef = FE5925182B0CF6630067C158 /* ContentView.swift */; };
		FE59251B2B0CF6640067C158 /* Assets.xcassets in Resources */ = {isa = PBXBuildFile; fileRef = FE59251A2B0CF6640067C158 /* Assets.xcassets */; };
		FE59251E2B0CF6640067C158 /* Preview Assets.xcassets in Resources */ = {isa = PBXBuildFile; fileRef = FE59251D2B0CF6640067C158 /* Preview Assets.xcassets */; };
		FE5925282B0CF6640067C158 /* SwiftDataProjectTests.swift in Sources */ = {isa = PBXBuildFile; fileRef = FE5925272B0CF6640067C158 /* SwiftDataProjectTests.swift */; };
		FE5925322B0CF6640067C158 /* SwiftDataProjectUITests.swift in Sources */ = {isa = PBXBuildFile; fileRef = FE5925312B0CF6640067C158 /* SwiftDataProjectUITests.swift */; };
		FE5925342B0CF6640067C158 /* SwiftDataProjectUITestsLaunchTests.swift in Sources */ = {isa = PBXBuildFile; fileRef = FE5925332B0CF6640067C158 /* SwiftDataProjectUITestsLaunchTests.swift */; };
		FE8A02B12B0CFC8300B64913 /* Expense.swift in Sources */ = {isa = PBXBuildFile; fileRef = FE8A02B02B0CFC8300B64913 /* Expense.swift */; };
		FE8A02B42B0D058000B64913 /* ExpenseCell.swift in Sources */ = {isa = PBXBuildFile; fileRef = FE8A02B32B0D058000B64913 /* ExpenseCell.swift */; };
		FE8A02B62B0D0ABB00B64913 /* AddExpenseSheet.swift in Sources */ = {isa = PBXBuildFile; fileRef = FE8A02B52B0D0ABB00B64913 /* AddExpenseSheet.swift */; };
/* End PBXBuildFile section */

/* Begin PBXContainerItemProxy section */
		FE5925242B0CF6640067C158 /* PBXContainerItemProxy */ = {
			isa = PBXContainerItemProxy;
			containerPortal = FE59250B2B0CF6630067C158 /* Project object */;
			proxyType = 1;
			remoteGlobalIDString = FE5925122B0CF6630067C158;
			remoteInfo = SwiftDataProject;
		};
		FE59252E2B0CF6640067C158 /* PBXContainerItemProxy */ = {
			isa = PBXContainerItemProxy;
			containerPortal = FE59250B2B0CF6630067C158 /* Project object */;
			proxyType = 1;
			remoteGlobalIDString = FE5925122B0CF6630067C158;
			remoteInfo = SwiftDataProject;
		};
/* End PBXContainerItemProxy section */

/* Begin PBXFileReference section */
		FE02C9F82B13A60100048BD0 /* UpdateExpenseSheet.swift */ = {isa = PBXFileReference; lastKnownFileType = sourcecode.swift; path = UpdateExpenseSheet.swift; sourceTree = "<group>"; };
		FE5925132B0CF6630067C158 /* SwiftDataProject.app */ = {isa = PBXFileReference; explicitFileType = wrapper.application; includeInIndex = 0; path = SwiftDataProject.app; sourceTree = BUILT_PRODUCTS_DIR; };
		FE5925162B0CF6630067C158 /* SwiftDataProjectApp.swift */ = {isa = PBXFileReference; lastKnownFileType = sourcecode.swift; path = SwiftDataProjectApp.swift; sourceTree = "<group>"; };
		FE5925182B0CF6630067C158 /* ContentView.swift */ = {isa = PBXFileReference; lastKnownFileType = sourcecode.swift; path = ContentView.swift; sourceTree = "<group>"; };
		FE59251A2B0CF6640067C158 /* Assets.xcassets */ = {isa = PBXFileReference; lastKnownFileType = folder.assetcatalog; path = Assets.xcassets; sourceTree = "<group>"; };
		FE59251D2B0CF6640067C158 /* Preview Assets.xcassets */ = {isa = PBXFileReference; lastKnownFileType = folder.assetcatalog; path = "Preview Assets.xcassets"; sourceTree = "<group>"; };
		FE5925232B0CF6640067C158 /* SwiftDataProjectTests.xctest */ = {isa = PBXFileReference; explicitFileType = wrapper.cfbundle; includeInIndex = 0; path = SwiftDataProjectTests.xctest; sourceTree = BUILT_PRODUCTS_DIR; };
		FE5925272B0CF6640067C158 /* SwiftDataProjectTests.swift */ = {isa = PBXFileReference; lastKnownFileType = sourcecode.swift; path = SwiftDataProjectTests.swift; sourceTree = "<group>"; };
		FE59252D2B0CF6640067C158 /* SwiftDataProjectUITests.xctest */ = {isa = PBXFileReference; explicitFileType = wrapper.cfbundle; includeInIndex = 0; path = SwiftDataProjectUITests.xctest; sourceTree = BUILT_PRODUCTS_DIR; };
		FE5925312B0CF6640067C158 /* SwiftDataProjectUITests.swift */ = {isa = PBXFileReference; lastKnownFileType = sourcecode.swift; path = SwiftDataProjectUITests.swift; sourceTree = "<group>"; };
		FE5925332B0CF6640067C158 /* SwiftDataProjectUITestsLaunchTests.swift */ = {isa = PBXFileReference; lastKnownFileType = sourcecode.swift; path = SwiftDataProjectUITestsLaunchTests.swift; sourceTree = "<group>"; };
		FE8A02B02B0CFC8300B64913 /* Expense.swift */ = {isa = PBXFileReference; lastKnownFileType = sourcecode.swift; path = Expense.swift; sourceTree = "<group>"; };
		FE8A02B32B0D058000B64913 /* ExpenseCell.swift */ = {isa = PBXFileReference; lastKnownFileType = sourcecode.swift; path = ExpenseCell.swift; sourceTree = "<group>"; };
		FE8A02B52B0D0ABB00B64913 /* AddExpenseSheet.swift */ = {isa = PBXFileReference; lastKnownFileType = sourcecode.swift; path = AddExpenseSheet.swift; sourceTree = "<group>"; };
/* End PBXFileReference section */

/* Begin PBXFrameworksBuildPhase section */
		FE5925102B0CF6630067C158 /* Frameworks */ = {
			isa = PBXFrameworksBuildPhase;
			buildActionMask = 2147483647;
			files = (
			);
			runOnlyForDeploymentPostprocessing = 0;
		};
		FE5925202B0CF6640067C158 /* Frameworks */ = {
			isa = PBXFrameworksBuildPhase;
			buildActionMask = 2147483647;
			files = (
			);
			runOnlyForDeploymentPostprocessing = 0;
		};
		FE59252A2B0CF6640067C158 /* Frameworks */ = {
			isa = PBXFrameworksBuildPhase;
			buildActionMask = 2147483647;
			files = (
			);
			runOnlyForDeploymentPostprocessing = 0;
		};
/* End PBXFrameworksBuildPhase section */

/* Begin PBXGroup section */
		FE59250A2B0CF6630067C158 = {
			isa = PBXGroup;
			children = (
				FE5925152B0CF6630067C158 /* SwiftDataProject */,
				FE5925262B0CF6640067C158 /* SwiftDataProjectTests */,
				FE5925302B0CF6640067C158 /* SwiftDataProjectUITests */,
				FE5925142B0CF6630067C158 /* Products */,
			);
			sourceTree = "<group>";
		};
		FE5925142B0CF6630067C158 /* Products */ = {
			isa = PBXGroup;
			children = (
				FE5925132B0CF6630067C158 /* SwiftDataProject.app */,
				FE5925232B0CF6640067C158 /* SwiftDataProjectTests.xctest */,
				FE59252D2B0CF6640067C158 /* SwiftDataProjectUITests.xctest */,
			);
			name = Products;
			sourceTree = "<group>";
		};
		FE5925152B0CF6630067C158 /* SwiftDataProject */ = {
			isa = PBXGroup;
			children = (
				FE8A02AF2B0CFC2600B64913 /* Model */,
				FE8A02B22B0D055600B64913 /* Views */,
				FE5925162B0CF6630067C158 /* SwiftDataProjectApp.swift */,
				FE5925182B0CF6630067C158 /* ContentView.swift */,
				FE59251A2B0CF6640067C158 /* Assets.xcassets */,
				FE59251C2B0CF6640067C158 /* Preview Content */,
			);
			path = SwiftDataProject;
			sourceTree = "<group>";
		};
		FE59251C2B0CF6640067C158 /* Preview Content */ = {
			isa = PBXGroup;
			children = (
				FE59251D2B0CF6640067C158 /* Preview Assets.xcassets */,
			);
			path = "Preview Content";
			sourceTree = "<group>";
		};
		FE5925262B0CF6640067C158 /* SwiftDataProjectTests */ = {
			isa = PBXGroup;
			children = (
				FE5925272B0CF6640067C158 /* SwiftDataProjectTests.swift */,
			);
			path = SwiftDataProjectTests;
			sourceTree = "<group>";
		};
		FE5925302B0CF6640067C158 /* SwiftDataProjectUITests */ = {
			isa = PBXGroup;
			children = (
				FE5925312B0CF6640067C158 /* SwiftDataProjectUITests.swift */,
				FE5925332B0CF6640067C158 /* SwiftDataProjectUITestsLaunchTests.swift */,
			);
			path = SwiftDataProjectUITests;
			sourceTree = "<group>";
		};
		FE8A02AF2B0CFC2600B64913 /* Model */ = {
			isa = PBXGroup;
			children = (
				FE8A02B02B0CFC8300B64913 /* Expense.swift */,
			);
			path = Model;
			sourceTree = "<group>";
		};
		FE8A02B22B0D055600B64913 /* Views */ = {
			isa = PBXGroup;
			children = (
				FE8A02B32B0D058000B64913 /* ExpenseCell.swift */,
				FE8A02B52B0D0ABB00B64913 /* AddExpenseSheet.swift */,
				FE02C9F82B13A60100048BD0 /* UpdateExpenseSheet.swift */,
			);
			path = Views;
			sourceTree = "<group>";
		};
/* End PBXGroup section */

/* Begin PBXNativeTarget section */
		FE5925122B0CF6630067C158 /* SwiftDataProject */ = {
			isa = PBXNativeTarget;
			buildConfigurationList = FE5925372B0CF6640067C158 /* Build configuration list for PBXNativeTarget "SwiftDataProject" */;
			buildPhases = (
				FE59250F2B0CF6630067C158 /* Sources */,
				FE5925102B0CF6630067C158 /* Frameworks */,
				FE5925112B0CF6630067C158 /* Resources */,
			);
			buildRules = (
			);
			dependencies = (
			);
			name = SwiftDataProject;
			productName = SwiftDataProject;
			productReference = FE5925132B0CF6630067C158 /* SwiftDataProject.app */;
			productType = "com.apple.product-type.application";
		};
		FE5925222B0CF6640067C158 /* SwiftDataProjectTests */ = {
			isa = PBXNativeTarget;
			buildConfigurationList = FE59253A2B0CF6640067C158 /* Build configuration list for PBXNativeTarget "SwiftDataProjectTests" */;
			buildPhases = (
				FE59251F2B0CF6640067C158 /* Sources */,
				FE5925202B0CF6640067C158 /* Frameworks */,
				FE5925212B0CF6640067C158 /* Resources */,
			);
			buildRules = (
			);
			dependencies = (
				FE5925252B0CF6640067C158 /* PBXTargetDependency */,
			);
			name = SwiftDataProjectTests;
			productName = SwiftDataProjectTests;
			productReference = FE5925232B0CF6640067C158 /* SwiftDataProjectTests.xctest */;
			productType = "com.apple.product-type.bundle.unit-test";
		};
		FE59252C2B0CF6640067C158 /* SwiftDataProjectUITests */ = {
			isa = PBXNativeTarget;
			buildConfigurationList = FE59253D2B0CF6640067C158 /* Build configuration list for PBXNativeTarget "SwiftDataProjectUITests" */;
			buildPhases = (
				FE5925292B0CF6640067C158 /* Sources */,
				FE59252A2B0CF6640067C158 /* Frameworks */,
				FE59252B2B0CF6640067C158 /* Resources */,
			);
			buildRules = (
			);
			dependencies = (
				FE59252F2B0CF6640067C158 /* PBXTargetDependency */,
			);
			name = SwiftDataProjectUITests;
			productName = SwiftDataProjectUITests;
			productReference = FE59252D2B0CF6640067C158 /* SwiftDataProjectUITests.xctest */;
			productType = "com.apple.product-type.bundle.ui-testing";
		};
/* End PBXNativeTarget section */

/* Begin PBXProject section */
		FE59250B2B0CF6630067C158 /* Project object */ = {
			isa = PBXProject;
			attributes = {
				BuildIndependentTargetsInParallel = 1;
				LastSwiftUpdateCheck = 1500;
				LastUpgradeCheck = 1500;
				TargetAttributes = {
					FE5925122B0CF6630067C158 = {
						CreatedOnToolsVersion = 15.0.1;
					};
					FE5925222B0CF6640067C158 = {
						CreatedOnToolsVersion = 15.0.1;
						TestTargetID = FE5925122B0CF6630067C158;
					};
					FE59252C2B0CF6640067C158 = {
						CreatedOnToolsVersion = 15.0.1;
						TestTargetID = FE5925122B0CF6630067C158;
					};
				};
			};
			buildConfigurationList = FE59250E2B0CF6630067C158 /* Build configuration list for PBXProject "SwiftDataProject" */;
			compatibilityVersion = "Xcode 14.0";
			developmentRegion = en;
			hasScannedForEncodings = 0;
			knownRegions = (
				en,
				Base,
			);
			mainGroup = FE59250A2B0CF6630067C158;
			productRefGroup = FE5925142B0CF6630067C158 /* Products */;
			projectDirPath = "";
			projectRoot = "";
			targets = (
				FE5925122B0CF6630067C158 /* SwiftDataProject */,
				FE5925222B0CF6640067C158 /* SwiftDataProjectTests */,
				FE59252C2B0CF6640067C158 /* SwiftDataProjectUITests */,
			);
		};
/* End PBXProject section */

/* Begin PBXResourcesBuildPhase section */
		FE5925112B0CF6630067C158 /* Resources */ = {
			isa = PBXResourcesBuildPhase;
			buildActionMask = 2147483647;
			files = (
				FE59251E2B0CF6640067C158 /* Preview Assets.xcassets in Resources */,
				FE59251B2B0CF6640067C158 /* Assets.xcassets in Resources */,
			);
			runOnlyForDeploymentPostprocessing = 0;
		};
		FE5925212B0CF6640067C158 /* Resources */ = {
			isa = PBXResourcesBuildPhase;
			buildActionMask = 2147483647;
			files = (
			);
			runOnlyForDeploymentPostprocessing = 0;
		};
		FE59252B2B0CF6640067C158 /* Resources */ = {
			isa = PBXResourcesBuildPhase;
			buildActionMask = 2147483647;
			files = (
			);
			runOnlyForDeploymentPostprocessing = 0;
		};
/* End PBXResourcesBuildPhase section */

/* Begin PBXSourcesBuildPhase section */
		FE59250F2B0CF6630067C158 /* Sources */ = {
			isa = PBXSourcesBuildPhase;
			buildActionMask = 2147483647;
			files = (
				FE02C9F92B13A60100048BD0 /* UpdateExpenseSheet.swift in Sources */,
				FE8A02B42B0D058000B64913 /* ExpenseCell.swift in Sources */,
				FE8A02B12B0CFC8300B64913 /* Expense.swift in Sources */,
				FE5925192B0CF6630067C158 /* ContentView.swift in Sources */,
				FE5925172B0CF6630067C158 /* SwiftDataProjectApp.swift in Sources */,
				FE8A02B62B0D0ABB00B64913 /* AddExpenseSheet.swift in Sources */,
			);
			runOnlyForDeploymentPostprocessing = 0;
		};
		FE59251F2B0CF6640067C158 /* Sources */ = {
			isa = PBXSourcesBuildPhase;
			buildActionMask = 2147483647;
			files = (
				FE5925282B0CF6640067C158 /* SwiftDataProjectTests.swift in Sources */,
			);
			runOnlyForDeploymentPostprocessing = 0;
		};
		FE5925292B0CF6640067C158 /* Sources */ = {
			isa = PBXSourcesBuildPhase;
			buildActionMask = 2147483647;
			files = (
				FE5925342B0CF6640067C158 /* SwiftDataProjectUITestsLaunchTests.swift in Sources */,
				FE5925322B0CF6640067C158 /* SwiftDataProjectUITests.swift in Sources */,
			);
			runOnlyForDeploymentPostprocessing = 0;
		};
/* End PBXSourcesBuildPhase section */

/* Begin PBXTargetDependency section */
		FE5925252B0CF6640067C158 /* PBXTargetDependency */ = {
			isa = PBXTargetDependency;
			target = FE5925122B0CF6630067C158 /* SwiftDataProject */;
			targetProxy = FE5925242B0CF6640067C158 /* PBXContainerItemProxy */;
		};
		FE59252F2B0CF6640067C158 /* PBXTargetDependency */ = {
			isa = PBXTargetDependency;
			target = FE5925122B0CF6630067C158 /* SwiftDataProject */;
			targetProxy = FE59252E2B0CF6640067C158 /* PBXContainerItemProxy */;
		};
/* End PBXTargetDependency section */

/* Begin XCBuildConfiguration section */
		FE5925352B0CF6640067C158 /* Debug */ = {
			isa = XCBuildConfiguration;
			buildSettings = {
				ALWAYS_SEARCH_USER_PATHS = NO;
				ASSETCATALOG_COMPILER_GENERATE_SWIFT_ASSET_SYMBOL_EXTENSIONS = YES;
				CLANG_ANALYZER_NONNULL = YES;
				CLANG_ANALYZER_NUMBER_OBJECT_CONVERSION = YES_AGGRESSIVE;
				CLANG_CXX_LANGUAGE_STANDARD = "gnu++20";
				CLANG_ENABLE_MODULES = YES;
				CLANG_ENABLE_OBJC_ARC = YES;
				CLANG_ENABLE_OBJC_WEAK = YES;
				CLANG_WARN_BLOCK_CAPTURE_AUTORELEASING = YES;
				CLANG_WARN_BOOL_CONVERSION = YES;
				CLANG_WARN_COMMA = YES;
				CLANG_WARN_CONSTANT_CONVERSION = YES;
				CLANG_WARN_DEPRECATED_OBJC_IMPLEMENTATIONS = YES;
				CLANG_WARN_DIRECT_OBJC_ISA_USAGE = YES_ERROR;
				CLANG_WARN_DOCUMENTATION_COMMENTS = YES;
				CLANG_WARN_EMPTY_BODY = YES;
				CLANG_WARN_ENUM_CONVERSION = YES;
				CLANG_WARN_INFINITE_RECURSION = YES;
				CLANG_WARN_INT_CONVERSION = YES;
				CLANG_WARN_NON_LITERAL_NULL_CONVERSION = YES;
				CLANG_WARN_OBJC_IMPLICIT_RETAIN_SELF = YES;
				CLANG_WARN_OBJC_LITERAL_CONVERSION = YES;
				CLANG_WARN_OBJC_ROOT_CLASS = YES_ERROR;
				CLANG_WARN_QUOTED_INCLUDE_IN_FRAMEWORK_HEADER = YES;
				CLANG_WARN_RANGE_LOOP_ANALYSIS = YES;
				CLANG_WARN_STRICT_PROTOTYPES = YES;
				CLANG_WARN_SUSPICIOUS_MOVE = YES;
				CLANG_WARN_UNGUARDED_AVAILABILITY = YES_AGGRESSIVE;
				CLANG_WARN_UNREACHABLE_CODE = YES;
				CLANG_WARN__DUPLICATE_METHOD_MATCH = YES;
				COPY_PHASE_STRIP = NO;
				DEBUG_INFORMATION_FORMAT = dwarf;
				ENABLE_STRICT_OBJC_MSGSEND = YES;
				ENABLE_TESTABILITY = YES;
				ENABLE_USER_SCRIPT_SANDBOXING = YES;
				GCC_C_LANGUAGE_STANDARD = gnu17;
				GCC_DYNAMIC_NO_PIC = NO;
				GCC_NO_COMMON_BLOCKS = YES;
				GCC_OPTIMIZATION_LEVEL = 0;
				GCC_PREPROCESSOR_DEFINITIONS = (
					"DEBUG=1",
					"$(inherited)",
				);
				GCC_WARN_64_TO_32_BIT_CONVERSION = YES;
				GCC_WARN_ABOUT_RETURN_TYPE = YES_ERROR;
				GCC_WARN_UNDECLARED_SELECTOR = YES;
				GCC_WARN_UNINITIALIZED_AUTOS = YES_AGGRESSIVE;
				GCC_WARN_UNUSED_FUNCTION = YES;
				GCC_WARN_UNUSED_VARIABLE = YES;
				IPHONEOS_DEPLOYMENT_TARGET = 17.0;
				LOCALIZATION_PREFERS_STRING_CATALOGS = YES;
				MTL_ENABLE_DEBUG_INFO = INCLUDE_SOURCE;
				MTL_FAST_MATH = YES;
				ONLY_ACTIVE_ARCH = YES;
				SDKROOT = iphoneos;
				SWIFT_ACTIVE_COMPILATION_CONDITIONS = "DEBUG $(inherited)";
				SWIFT_OPTIMIZATION_LEVEL = "-Onone";
			};
			name = Debug;
		};
		FE5925362B0CF6640067C158 /* Release */ = {
			isa = XCBuildConfiguration;
			buildSettings = {
				ALWAYS_SEARCH_USER_PATHS = NO;
				ASSETCATALOG_COMPILER_GENERATE_SWIFT_ASSET_SYMBOL_EXTENSIONS = YES;
				CLANG_ANALYZER_NONNULL = YES;
				CLANG_ANALYZER_NUMBER_OBJECT_CONVERSION = YES_AGGRESSIVE;
				CLANG_CXX_LANGUAGE_STANDARD = "gnu++20";
				CLANG_ENABLE_MODULES = YES;
				CLANG_ENABLE_OBJC_ARC = YES;
				CLANG_ENABLE_OBJC_WEAK = YES;
				CLANG_WARN_BLOCK_CAPTURE_AUTORELEASING = YES;
				CLANG_WARN_BOOL_CONVERSION = YES;
				CLANG_WARN_COMMA = YES;
				CLANG_WARN_CONSTANT_CONVERSION = YES;
				CLANG_WARN_DEPRECATED_OBJC_IMPLEMENTATIONS = YES;
				CLANG_WARN_DIRECT_OBJC_ISA_USAGE = YES_ERROR;
				CLANG_WARN_DOCUMENTATION_COMMENTS = YES;
				CLANG_WARN_EMPTY_BODY = YES;
				CLANG_WARN_ENUM_CONVERSION = YES;
				CLANG_WARN_INFINITE_RECURSION = YES;
				CLANG_WARN_INT_CONVERSION = YES;
				CLANG_WARN_NON_LITERAL_NULL_CONVERSION = YES;
				CLANG_WARN_OBJC_IMPLICIT_RETAIN_SELF = YES;
				CLANG_WARN_OBJC_LITERAL_CONVERSION = YES;
				CLANG_WARN_OBJC_ROOT_CLASS = YES_ERROR;
				CLANG_WARN_QUOTED_INCLUDE_IN_FRAMEWORK_HEADER = YES;
				CLANG_WARN_RANGE_LOOP_ANALYSIS = YES;
				CLANG_WARN_STRICT_PROTOTYPES = YES;
				CLANG_WARN_SUSPICIOUS_MOVE = YES;
				CLANG_WARN_UNGUARDED_AVAILABILITY = YES_AGGRESSIVE;
				CLANG_WARN_UNREACHABLE_CODE = YES;
				CLANG_WARN__DUPLICATE_METHOD_MATCH = YES;
				COPY_PHASE_STRIP = NO;
				DEBUG_INFORMATION_FORMAT = "dwarf-with-dsym";
				ENABLE_NS_ASSERTIONS = NO;
				ENABLE_STRICT_OBJC_MSGSEND = YES;
				ENABLE_USER_SCRIPT_SANDBOXING = YES;
				GCC_C_LANGUAGE_STANDARD = gnu17;
				GCC_NO_COMMON_BLOCKS = YES;
				GCC_WARN_64_TO_32_BIT_CONVERSION = YES;
				GCC_WARN_ABOUT_RETURN_TYPE = YES_ERROR;
				GCC_WARN_UNDECLARED_SELECTOR = YES;
				GCC_WARN_UNINITIALIZED_AUTOS = YES_AGGRESSIVE;
				GCC_WARN_UNUSED_FUNCTION = YES;
				GCC_WARN_UNUSED_VARIABLE = YES;
				IPHONEOS_DEPLOYMENT_TARGET = 17.0;
				LOCALIZATION_PREFERS_STRING_CATALOGS = YES;
				MTL_ENABLE_DEBUG_INFO = NO;
				MTL_FAST_MATH = YES;
				SDKROOT = iphoneos;
				SWIFT_COMPILATION_MODE = wholemodule;
				VALIDATE_PRODUCT = YES;
			};
			name = Release;
		};
		FE5925382B0CF6640067C158 /* Debug */ = {
			isa = XCBuildConfiguration;
			buildSettings = {
				ASSETCATALOG_COMPILER_APPICON_NAME = AppIcon;
				ASSETCATALOG_COMPILER_GLOBAL_ACCENT_COLOR_NAME = AccentColor;
				CODE_SIGN_STYLE = Automatic;
				CURRENT_PROJECT_VERSION = 1;
				DEVELOPMENT_ASSET_PATHS = "\"SwiftDataProject/Preview Content\"";
				ENABLE_PREVIEWS = YES;
				GENERATE_INFOPLIST_FILE = YES;
				INFOPLIST_KEY_UIApplicationSceneManifest_Generation = YES;
				INFOPLIST_KEY_UIApplicationSupportsIndirectInputEvents = YES;
				INFOPLIST_KEY_UILaunchScreen_Generation = YES;
				INFOPLIST_KEY_UISupportedInterfaceOrientations_iPad = "UIInterfaceOrientationPortrait UIInterfaceOrientationPortraitUpsideDown UIInterfaceOrientationLandscapeLeft UIInterfaceOrientationLandscapeRight";
				INFOPLIST_KEY_UISupportedInterfaceOrientations_iPhone = "UIInterfaceOrientationPortrait UIInterfaceOrientationLandscapeLeft UIInterfaceOrientationLandscapeRight";
				LD_RUNPATH_SEARCH_PATHS = (
					"$(inherited)",
					"@executable_path/Frameworks",
				);
				MARKETING_VERSION = 1.0;
				PRODUCT_BUNDLE_IDENTIFIER = com.rhiz0m.SwiftDataProject;
				PRODUCT_NAME = "$(TARGET_NAME)";
				SWIFT_EMIT_LOC_STRINGS = YES;
				SWIFT_VERSION = 5.0;
				TARGETED_DEVICE_FAMILY = "1,2";
			};
			name = Debug;
		};
		FE5925392B0CF6640067C158 /* Release */ = {
			isa = XCBuildConfiguration;
			buildSettings = {
				ASSETCATALOG_COMPILER_APPICON_NAME = AppIcon;
				ASSETCATALOG_COMPILER_GLOBAL_ACCENT_COLOR_NAME = AccentColor;
				CODE_SIGN_STYLE = Automatic;
				CURRENT_PROJECT_VERSION = 1;
				DEVELOPMENT_ASSET_PATHS = "\"SwiftDataProject/Preview Content\"";
				ENABLE_PREVIEWS = YES;
				GENERATE_INFOPLIST_FILE = YES;
				INFOPLIST_KEY_UIApplicationSceneManifest_Generation = YES;
				INFOPLIST_KEY_UIApplicationSupportsIndirectInputEvents = YES;
				INFOPLIST_KEY_UILaunchScreen_Generation = YES;
				INFOPLIST_KEY_UISupportedInterfaceOrientations_iPad = "UIInterfaceOrientationPortrait UIInterfaceOrientationPortraitUpsideDown UIInterfaceOrientationLandscapeLeft UIInterfaceOrientationLandscapeRight";
				INFOPLIST_KEY_UISupportedInterfaceOrientations_iPhone = "UIInterfaceOrientationPortrait UIInterfaceOrientationLandscapeLeft UIInterfaceOrientationLandscapeRight";
				LD_RUNPATH_SEARCH_PATHS = (
					"$(inherited)",
					"@executable_path/Frameworks",
				);
				MARKETING_VERSION = 1.0;
				PRODUCT_BUNDLE_IDENTIFIER = com.rhiz0m.SwiftDataProject;
				PRODUCT_NAME = "$(TARGET_NAME)";
				SWIFT_EMIT_LOC_STRINGS = YES;
				SWIFT_VERSION = 5.0;
				TARGETED_DEVICE_FAMILY = "1,2";
			};
			name = Release;
		};
		FE59253B2B0CF6640067C158 /* Debug */ = {
			isa = XCBuildConfiguration;
			buildSettings = {
				ALWAYS_EMBED_SWIFT_STANDARD_LIBRARIES = YES;
				BUNDLE_LOADER = "$(TEST_HOST)";
				CODE_SIGN_STYLE = Automatic;
				CURRENT_PROJECT_VERSION = 1;
				GENERATE_INFOPLIST_FILE = YES;
				IPHONEOS_DEPLOYMENT_TARGET = 17.0;
				MARKETING_VERSION = 1.0;
				PRODUCT_BUNDLE_IDENTIFIER = com.rhiz0m.SwiftDataProjectTests;
				PRODUCT_NAME = "$(TARGET_NAME)";
				SWIFT_EMIT_LOC_STRINGS = NO;
				SWIFT_VERSION = 5.0;
				TARGETED_DEVICE_FAMILY = "1,2";
				TEST_HOST = "$(BUILT_PRODUCTS_DIR)/SwiftDataProject.app/$(BUNDLE_EXECUTABLE_FOLDER_PATH)/SwiftDataProject";
			};
			name = Debug;
		};
		FE59253C2B0CF6640067C158 /* Release */ = {
			isa = XCBuildConfiguration;
			buildSettings = {
				ALWAYS_EMBED_SWIFT_STANDARD_LIBRARIES = YES;
				BUNDLE_LOADER = "$(TEST_HOST)";
				CODE_SIGN_STYLE = Automatic;
				CURRENT_PROJECT_VERSION = 1;
				GENERATE_INFOPLIST_FILE = YES;
				IPHONEOS_DEPLOYMENT_TARGET = 17.0;
				MARKETING_VERSION = 1.0;
				PRODUCT_BUNDLE_IDENTIFIER = com.rhiz0m.SwiftDataProjectTests;
				PRODUCT_NAME = "$(TARGET_NAME)";
				SWIFT_EMIT_LOC_STRINGS = NO;
				SWIFT_VERSION = 5.0;
				TARGETED_DEVICE_FAMILY = "1,2";
				TEST_HOST = "$(BUILT_PRODUCTS_DIR)/SwiftDataProject.app/$(BUNDLE_EXECUTABLE_FOLDER_PATH)/SwiftDataProject";
			};
			name = Release;
		};
		FE59253E2B0CF6640067C158 /* Debug */ = {
			isa = XCBuildConfiguration;
			buildSettings = {
				ALWAYS_EMBED_SWIFT_STANDARD_LIBRARIES = YES;
				CODE_SIGN_STYLE = Automatic;
				CURRENT_PROJECT_VERSION = 1;
				GENERATE_INFOPLIST_FILE = YES;
				MARKETING_VERSION = 1.0;
				PRODUCT_BUNDLE_IDENTIFIER = com.rhiz0m.SwiftDataProjectUITests;
				PRODUCT_NAME = "$(TARGET_NAME)";
				SWIFT_EMIT_LOC_STRINGS = NO;
				SWIFT_VERSION = 5.0;
				TARGETED_DEVICE_FAMILY = "1,2";
				TEST_TARGET_NAME = SwiftDataProject;
			};
			name = Debug;
		};
		FE59253F2B0CF6640067C158 /* Release */ = {
			isa = XCBuildConfiguration;
			buildSettings = {
				ALWAYS_EMBED_SWIFT_STANDARD_LIBRARIES = YES;
				CODE_SIGN_STYLE = Automatic;
				CURRENT_PROJECT_VERSION = 1;
				GENERATE_INFOPLIST_FILE = YES;
				MARKETING_VERSION = 1.0;
				PRODUCT_BUNDLE_IDENTIFIER = com.rhiz0m.SwiftDataProjectUITests;
				PRODUCT_NAME = "$(TARGET_NAME)";
				SWIFT_EMIT_LOC_STRINGS = NO;
				SWIFT_VERSION = 5.0;
				TARGETED_DEVICE_FAMILY = "1,2";
				TEST_TARGET_NAME = SwiftDataProject;
			};
			name = Release;
		};
/* End XCBuildConfiguration section */

/* Begin XCConfigurationList section */
		FE59250E2B0CF6630067C158 /* Build configuration list for PBXProject "SwiftDataProject" */ = {
			isa = XCConfigurationList;
			buildConfigurations = (
				FE5925352B0CF6640067C158 /* Debug */,
				FE5925362B0CF6640067C158 /* Release */,
			);
			defaultConfigurationIsVisible = 0;
			defaultConfigurationName = Release;
		};
		FE5925372B0CF6640067C158 /* Build configuration list for PBXNativeTarget "SwiftDataProject" */ = {
			isa = XCConfigurationList;
			buildConfigurations = (
				FE5925382B0CF6640067C158 /* Debug */,
				FE5925392B0CF6640067C158 /* Release */,
			);
			defaultConfigurationIsVisible = 0;
			defaultConfigurationName = Release;
		};
		FE59253A2B0CF6640067C158 /* Build configuration list for PBXNativeTarget "SwiftDataProjectTests" */ = {
			isa = XCConfigurationList;
			buildConfigurations = (
				FE59253B2B0CF6640067C158 /* Debug */,
				FE59253C2B0CF6640067C158 /* Release */,
			);
			defaultConfigurationIsVisible = 0;
			defaultConfigurationName = Release;
		};
		FE59253D2B0CF6640067C158 /* Build configuration list for PBXNativeTarget "SwiftDataProjectUITests" */ = {
			isa = XCConfigurationList;
			buildConfigurations = (
				FE59253E2B0CF6640067C158 /* Debug */,
				FE59253F2B0CF6640067C158 /* Release */,
			);
			defaultConfigurationIsVisible = 0;
			defaultConfigurationName = Release;
		};
/* End XCConfigurationList section */
	};
	rootObject = FE59250B2B0CF6630067C158 /* Project object */;
}
